
Microsoft Visual Studio Solution File, Format Version 12.00
# Visual Studio Version 17
VisualStudioVersion = 17.13.35828.75
MinimumVisualStudioVersion = 10.0.40219.1
Project("{2150E333-8FDC-42A3-9474-1A3956D46DE8}") = "src", "src", "{02EA681E-C7D8-13C7-8484-4AC65E1B71E8}"
EndProject
Project("{2150E333-8FDC-42A3-9474-1A3956D46DE8}") = "Appication", "Appication", "{571C504A-3F8D-4FC5-97FF-C56DAB243352}"
EndProject
Project("{2150E333-8FDC-42A3-9474-1A3956D46DE8}") = "Domain", "Domain", "{8B31B364-1670-4B5F-9737-0139695B864F}"
EndProject
Project("{2150E333-8FDC-42A3-9474-1A3956D46DE8}") = "Infrastructure", "Infrastructure", "{B57649DC-BDCD-4E99-87AA-0A81749E182E}"
EndProject
Project("{2150E333-8FDC-42A3-9474-1A3956D46DE8}") = "Infrastructure.DatabaseMigrator", "Infrastructure.DatabaseMigrator", "{41B8F91F-0E18-433E-93AB-99AB191845F1}"
EndProject
Project("{2150E333-8FDC-42A3-9474-1A3956D46DE8}") = "WebApi", "WebApi", "{68204F59-A211-4C2F-92AB-41B7E6049573}"
EndProject
Project("{FAE04EC0-301F-11D3-BF4B-00C04F79EFBC}") = "Application", "src\Application\src\Application.csproj", "{128C38E7-3C45-45AB-6B29-1EC5F386A6AB}"
EndProject
Project("{FAE04EC0-301F-11D3-BF4B-00C04F79EFBC}") = "Application.Tests", "src\Application\tests\Application.Tests.csproj", "{1F399971-04CB-6CDE-D3EB-F853E3B87784}"
EndProject
Project("{FAE04EC0-301F-11D3-BF4B-00C04F79EFBC}") = "Domain", "src\Domain\src\Domain.csproj", "{6FE6A10A-24ED-E6C6-B32B-2F8E19CE10AA}"
EndProject
Project("{FAE04EC0-301F-11D3-BF4B-00C04F79EFBC}") = "Domain.Tests", "src\Domain\tests\Domain.Tests.csproj", "{314D03A5-79FA-6B34-45F0-5C3813ED72CE}"
EndProject
Project("{FAE04EC0-301F-11D3-BF4B-00C04F79EFBC}") = "Infrastructure", "src\Infrastructure\src\Infrastructure.csproj", "{B541D6F7-DC45-EA8B-A019-2EDED8F99FE8}"
EndProject
Project("{FAE04EC0-301F-11D3-BF4B-00C04F79EFBC}") = "Infrastructure.Tests", "src\Infrastructure\tests\Infrastructure.Tests.csproj", "{540ADCF4-83D8-A969-099E-8D3CA76A7B3C}"
EndProject
Project("{FAE04EC0-301F-11D3-BF4B-00C04F79EFBC}") = "WebApi", "src\WebApi\src\WebApi.csproj", "{169CF3BB-F60F-D3D3-F94E-2FD7C194BBF0}"
EndProject
Project("{FAE04EC0-301F-11D3-BF4B-00C04F79EFBC}") = "WebApi.Tests", "src\WebApi\tests\WebApi.Tests.csproj", "{A8B7C356-6ADC-B5BB-05A2-DEE334CF68B8}"
EndProject
Project("{FAE04EC0-301F-11D3-BF4B-00C04F79EFBC}") = "Infrastructure.Migrator", "src\Infrastructure.DatabaseMigrator\src\Infrastructure.Migrator.csproj", "{33121B7A-413E-18DF-0357-88AA9DF8F1AE}"
EndProject
Project("{FAE04EC0-301F-11D3-BF4B-00C04F79EFBC}") = "Infrastructure.Migrator.Tests", "src\Infrastructure.DatabaseMigrator\tests\Infrastructure.Migrator.Tests.csproj", "{6789E846-CCD2-922D-F905-C05A63EFFB08}"
EndProject
Global
	GlobalSection(SolutionConfigurationPlatforms) = preSolution
		Debug|Any CPU = Debug|Any CPU
		Release|Any CPU = Release|Any CPU
	EndGlobalSection
	GlobalSection(ProjectConfigurationPlatforms) = postSolution
		{128C38E7-3C45-45AB-6B29-1EC5F386A6AB}.Debug|Any CPU.ActiveCfg = Debug|Any CPU
		{128C38E7-3C45-45AB-6B29-1EC5F386A6AB}.Debug|Any CPU.Build.0 = Debug|Any CPU
		{128C38E7-3C45-45AB-6B29-1EC5F386A6AB}.Release|Any CPU.ActiveCfg = Release|Any CPU
		{128C38E7-3C45-45AB-6B29-1EC5F386A6AB}.Release|Any CPU.Build.0 = Release|Any CPU
		{1F399971-04CB-6CDE-D3EB-F853E3B87784}.Debug|Any CPU.ActiveCfg = Debug|Any CPU
		{1F399971-04CB-6CDE-D3EB-F853E3B87784}.Debug|Any CPU.Build.0 = Debug|Any CPU
		{1F399971-04CB-6CDE-D3EB-F853E3B87784}.Release|Any CPU.ActiveCfg = Release|Any CPU
		{1F399971-04CB-6CDE-D3EB-F853E3B87784}.Release|Any CPU.Build.0 = Release|Any CPU
		{6FE6A10A-24ED-E6C6-B32B-2F8E19CE10AA}.Debug|Any CPU.ActiveCfg = Debug|Any CPU
		{6FE6A10A-24ED-E6C6-B32B-2F8E19CE10AA}.Debug|Any CPU.Build.0 = Debug|Any CPU
		{6FE6A10A-24ED-E6C6-B32B-2F8E19CE10AA}.Release|Any CPU.ActiveCfg = Release|Any CPU
		{6FE6A10A-24ED-E6C6-B32B-2F8E19CE10AA}.Release|Any CPU.Build.0 = Release|Any CPU
		{314D03A5-79FA-6B34-45F0-5C3813ED72CE}.Debug|Any CPU.ActiveCfg = Debug|Any CPU
		{314D03A5-79FA-6B34-45F0-5C3813ED72CE}.Debug|Any CPU.Build.0 = Debug|Any CPU
		{314D03A5-79FA-6B34-45F0-5C3813ED72CE}.Release|Any CPU.ActiveCfg = Release|Any CPU
		{314D03A5-79FA-6B34-45F0-5C3813ED72CE}.Release|Any CPU.Build.0 = Release|Any CPU
		{B541D6F7-DC45-EA8B-A019-2EDED8F99FE8}.Debug|Any CPU.ActiveCfg = Debug|Any CPU
		{B541D6F7-DC45-EA8B-A019-2EDED8F99FE8}.Debug|Any CPU.Build.0 = Debug|Any CPU
		{B541D6F7-DC45-EA8B-A019-2EDED8F99FE8}.Release|Any CPU.ActiveCfg = Release|Any CPU
		{B541D6F7-DC45-EA8B-A019-2EDED8F99FE8}.Release|Any CPU.Build.0 = Release|Any CPU
		{540ADCF4-83D8-A969-099E-8D3CA76A7B3C}.Debug|Any CPU.ActiveCfg = Debug|Any CPU
		{540ADCF4-83D8-A969-099E-8D3CA76A7B3C}.Debug|Any CPU.Build.0 = Debug|Any CPU
		{540ADCF4-83D8-A969-099E-8D3CA76A7B3C}.Release|Any CPU.ActiveCfg = Release|Any CPU
		{540ADCF4-83D8-A969-099E-8D3CA76A7B3C}.Release|Any CPU.Build.0 = Release|Any CPU
		{169CF3BB-F60F-D3D3-F94E-2FD7C194BBF0}.Debug|Any CPU.ActiveCfg = Debug|Any CPU
		{169CF3BB-F60F-D3D3-F94E-2FD7C194BBF0}.Debug|Any CPU.Build.0 = Debug|Any CPU
		{169CF3BB-F60F-D3D3-F94E-2FD7C194BBF0}.Release|Any CPU.ActiveCfg = Release|Any CPU
		{169CF3BB-F60F-D3D3-F94E-2FD7C194BBF0}.Release|Any CPU.Build.0 = Release|Any CPU
		{A8B7C356-6ADC-B5BB-05A2-DEE334CF68B8}.Debug|Any CPU.ActiveCfg = Debug|Any CPU
		{A8B7C356-6ADC-B5BB-05A2-DEE334CF68B8}.Debug|Any CPU.Build.0 = Debug|Any CPU
		{A8B7C356-6ADC-B5BB-05A2-DEE334CF68B8}.Release|Any CPU.ActiveCfg = Release|Any CPU
		{A8B7C356-6ADC-B5BB-05A2-DEE334CF68B8}.Release|Any CPU.Build.0 = Release|Any CPU
		{33121B7A-413E-18DF-0357-88AA9DF8F1AE}.Debug|Any CPU.ActiveCfg = Debug|Any CPU
		{33121B7A-413E-18DF-0357-88AA9DF8F1AE}.Debug|Any CPU.Build.0 = Debug|Any CPU
		{33121B7A-413E-18DF-0357-88AA9DF8F1AE}.Release|Any CPU.ActiveCfg = Release|Any CPU
		{33121B7A-413E-18DF-0357-88AA9DF8F1AE}.Release|Any CPU.Build.0 = Release|Any CPU
		{6789E846-CCD2-922D-F905-C05A63EFFB08}.Debug|Any CPU.ActiveCfg = Debug|Any CPU
		{6789E846-CCD2-922D-F905-C05A63EFFB08}.Debug|Any CPU.Build.0 = Debug|Any CPU
		{6789E846-CCD2-922D-F905-C05A63EFFB08}.Release|Any CPU.ActiveCfg = Release|Any CPU
		{6789E846-CCD2-922D-F905-C05A63EFFB08}.Release|Any CPU.Build.0 = Release|Any CPU
	EndGlobalSection
	GlobalSection(SolutionProperties) = preSolution
		HideSolutionNode = FALSE
	EndGlobalSection
	GlobalSection(NestedProjects) = preSolution
		{571C504A-3F8D-4FC5-97FF-C56DAB243352} = {02EA681E-C7D8-13C7-8484-4AC65E1B71E8}
		{8B31B364-1670-4B5F-9737-0139695B864F} = {02EA681E-C7D8-13C7-8484-4AC65E1B71E8}
		{B57649DC-BDCD-4E99-87AA-0A81749E182E} = {02EA681E-C7D8-13C7-8484-4AC65E1B71E8}
		{41B8F91F-0E18-433E-93AB-99AB191845F1} = {02EA681E-C7D8-13C7-8484-4AC65E1B71E8}
		{68204F59-A211-4C2F-92AB-41B7E6049573} = {02EA681E-C7D8-13C7-8484-4AC65E1B71E8}
		{128C38E7-3C45-45AB-6B29-1EC5F386A6AB} = {571C504A-3F8D-4FC5-97FF-C56DAB243352}
		{1F399971-04CB-6CDE-D3EB-F853E3B87784} = {571C504A-3F8D-4FC5-97FF-C56DAB243352}
		{6FE6A10A-24ED-E6C6-B32B-2F8E19CE10AA} = {8B31B364-1670-4B5F-9737-0139695B864F}
		{314D03A5-79FA-6B34-45F0-5C3813ED72CE} = {8B31B364-1670-4B5F-9737-0139695B864F}
		{B541D6F7-DC45-EA8B-A019-2EDED8F99FE8} = {B57649DC-BDCD-4E99-87AA-0A81749E182E}
		{540ADCF4-83D8-A969-099E-8D3CA76A7B3C} = {B57649DC-BDCD-4E99-87AA-0A81749E182E}
		{169CF3BB-F60F-D3D3-F94E-2FD7C194BBF0} = {68204F59-A211-4C2F-92AB-41B7E6049573}
		{A8B7C356-6ADC-B5BB-05A2-DEE334CF68B8} = {68204F59-A211-4C2F-92AB-41B7E6049573}
		{33121B7A-413E-18DF-0357-88AA9DF8F1AE} = {41B8F91F-0E18-433E-93AB-99AB191845F1}
		{6789E846-CCD2-922D-F905-C05A63EFFB08} = {41B8F91F-0E18-433E-93AB-99AB191845F1}
	EndGlobalSection
	GlobalSection(ExtensibilityGlobals) = postSolution
		SolutionGuid = {9C2F297B-10B8-4974-83D7-3ABAE826464E}
	EndGlobalSection
EndGlobal
